// !$*UTF8*$!
{
	archiveVersion = 1;
	classes = {
	};
	objectVersion = 48;
	objects = {

/* Begin PBXBuildFile section */
		2F64C737AE7D61E100406F7D /* libPods-iOSTest.a in Frameworks */ = {isa = PBXBuildFile; fileRef = 4466508261AAA8AE91549261 /* libPods-iOSTest.a */; };
		792A244320934DAB00CDAA04 /* ZWTabBarVC.m in Sources */ = {isa = PBXBuildFile; fileRef = 792A244220934DAB00CDAA04 /* ZWTabBarVC.m */; };
		792A244A2093516300CDAA04 /* ZWBaseVC.m in Sources */ = {isa = PBXBuildFile; fileRef = 792A24492093516300CDAA04 /* ZWBaseVC.m */; };
		792A244D2093517300CDAA04 /* FirstVC.m in Sources */ = {isa = PBXBuildFile; fileRef = 792A244C2093517300CDAA04 /* FirstVC.m */; };
		792A24502093519200CDAA04 /* SecondVC.m in Sources */ = {isa = PBXBuildFile; fileRef = 792A244F2093519200CDAA04 /* SecondVC.m */; };
		792A2453209351A100CDAA04 /* ThirdVC.m in Sources */ = {isa = PBXBuildFile; fileRef = 792A2452209351A100CDAA04 /* ThirdVC.m */; };
		792A2456209351AD00CDAA04 /* FourthVC.m in Sources */ = {isa = PBXBuildFile; fileRef = 792A2455209351AD00CDAA04 /* FourthVC.m */; };
		792DC5BF20E60DFC00B4B587 /* TestViewController.m in Sources */ = {isa = PBXBuildFile; fileRef = 792DC5BE20E60DFC00B4B587 /* TestViewController.m */; };
		79352AA022BA2C7E00476D17 /* RunloopTest.m in Sources */ = {isa = PBXBuildFile; fileRef = 79352A9F22BA2C7E00476D17 /* RunloopTest.m */; };
		794173EC22DC436A00BF4501 /* NSObjectIMPL.m in Sources */ = {isa = PBXBuildFile; fileRef = 794173EB22DC436A00BF4501 /* NSObjectIMPL.m */; };
		794173EF22DC43FE00BF4501 /* NSObjectIMPLVC.m in Sources */ = {isa = PBXBuildFile; fileRef = 794173EE22DC43FE00BF4501 /* NSObjectIMPLVC.m */; };
		794A4FB822D491DC000AF4E3 /* ZWBaseNavVC.m in Sources */ = {isa = PBXBuildFile; fileRef = 794A4FB722D491DC000AF4E3 /* ZWBaseNavVC.m */; };
		794A4FBF22D4BB0A000AF4E3 /* UIView+Additions.m in Sources */ = {isa = PBXBuildFile; fileRef = 794A4FBE22D4BB0A000AF4E3 /* UIView+Additions.m */; };
		798BBE7522D99C1D00A57A0A /* NSObjectNatureVC.m in Sources */ = {isa = PBXBuildFile; fileRef = 798BBE7422D99C1D00A57A0A /* NSObjectNatureVC.m */; };
		798BBE7922D99D1D00A57A0A /* FatherClass.m in Sources */ = {isa = PBXBuildFile; fileRef = 798BBE7822D99D1D00A57A0A /* FatherClass.m */; };
		798BBE7C22D99D2E00A57A0A /* SonClass.m in Sources */ = {isa = PBXBuildFile; fileRef = 798BBE7B22D99D2E00A57A0A /* SonClass.m */; };
		79F74DA82063AFE8001B146D /* Main.storyboard in Resources */ = {isa = PBXBuildFile; fileRef = 79F74DA62063AFE8001B146D /* Main.storyboard */; };
		79F74DAA2063AFE8001B146D /* Assets.xcassets in Resources */ = {isa = PBXBuildFile; fileRef = 79F74DA92063AFE8001B146D /* Assets.xcassets */; };
		79F74DAD2063AFE8001B146D /* LaunchScreen.storyboard in Resources */ = {isa = PBXBuildFile; fileRef = 79F74DAB2063AFE8001B146D /* LaunchScreen.storyboard */; };
		79F74DB02063AFE8001B146D /* main.m in Sources */ = {isa = PBXBuildFile; fileRef = 79F74DAF2063AFE8001B146D /* main.m */; };
		79F74DBA2063AFE8001B146D /* iOSTestTests.m in Sources */ = {isa = PBXBuildFile; fileRef = 79F74DB92063AFE8001B146D /* iOSTestTests.m */; };
		79F74DC52063AFE8001B146D /* iOSTestUITests.m in Sources */ = {isa = PBXBuildFile; fileRef = 79F74DC42063AFE8001B146D /* iOSTestUITests.m */; };
		79F74DD52063D030001B146D /* AppDelegate.m in Sources */ = {isa = PBXBuildFile; fileRef = 79F74DD42063D030001B146D /* AppDelegate.m */; };
/* End PBXBuildFile section */

/* Begin PBXContainerItemProxy section */
		79F74DB62063AFE8001B146D /* PBXContainerItemProxy */ = {
			isa = PBXContainerItemProxy;
			containerPortal = 79F74D952063AFE8001B146D /* Project object */;
			proxyType = 1;
			remoteGlobalIDString = 79F74D9C2063AFE8001B146D;
			remoteInfo = iOSTest;
		};
		79F74DC12063AFE8001B146D /* PBXContainerItemProxy */ = {
			isa = PBXContainerItemProxy;
			containerPortal = 79F74D952063AFE8001B146D /* Project object */;
			proxyType = 1;
			remoteGlobalIDString = 79F74D9C2063AFE8001B146D;
			remoteInfo = iOSTest;
		};
/* End PBXContainerItemProxy section */

/* Begin PBXFileReference section */
		4466508261AAA8AE91549261 /* libPods-iOSTest.a */ = {isa = PBXFileReference; explicitFileType = archive.ar; includeInIndex = 0; path = "libPods-iOSTest.a"; sourceTree = BUILT_PRODUCTS_DIR; };
		792A244120934DAB00CDAA04 /* ZWTabBarVC.h */ = {isa = PBXFileReference; lastKnownFileType = sourcecode.c.h; path = ZWTabBarVC.h; sourceTree = "<group>"; };
		792A244220934DAB00CDAA04 /* ZWTabBarVC.m */ = {isa = PBXFileReference; lastKnownFileType = sourcecode.c.objc; path = ZWTabBarVC.m; sourceTree = "<group>"; };
		792A24482093516300CDAA04 /* ZWBaseVC.h */ = {isa = PBXFileReference; lastKnownFileType = sourcecode.c.h; path = ZWBaseVC.h; sourceTree = "<group>"; };
		792A24492093516300CDAA04 /* ZWBaseVC.m */ = {isa = PBXFileReference; lastKnownFileType = sourcecode.c.objc; path = ZWBaseVC.m; sourceTree = "<group>"; };
		792A244B2093517300CDAA04 /* FirstVC.h */ = {isa = PBXFileReference; lastKnownFileType = sourcecode.c.h; path = FirstVC.h; sourceTree = "<group>"; };
		792A244C2093517300CDAA04 /* FirstVC.m */ = {isa = PBXFileReference; lastKnownFileType = sourcecode.c.objc; path = FirstVC.m; sourceTree = "<group>"; };
		792A244E2093519200CDAA04 /* SecondVC.h */ = {isa = PBXFileReference; lastKnownFileType = sourcecode.c.h; path = SecondVC.h; sourceTree = "<group>"; };
		792A244F2093519200CDAA04 /* SecondVC.m */ = {isa = PBXFileReference; lastKnownFileType = sourcecode.c.objc; path = SecondVC.m; sourceTree = "<group>"; };
		792A2451209351A100CDAA04 /* ThirdVC.h */ = {isa = PBXFileReference; lastKnownFileType = sourcecode.c.h; path = ThirdVC.h; sourceTree = "<group>"; };
		792A2452209351A100CDAA04 /* ThirdVC.m */ = {isa = PBXFileReference; lastKnownFileType = sourcecode.c.objc; path = ThirdVC.m; sourceTree = "<group>"; };
		792A2454209351AD00CDAA04 /* FourthVC.h */ = {isa = PBXFileReference; lastKnownFileType = sourcecode.c.h; path = FourthVC.h; sourceTree = "<group>"; };
		792A2455209351AD00CDAA04 /* FourthVC.m */ = {isa = PBXFileReference; lastKnownFileType = sourcecode.c.objc; path = FourthVC.m; sourceTree = "<group>"; };
		792DC5BD20E60DFC00B4B587 /* TestViewController.h */ = {isa = PBXFileReference; lastKnownFileType = sourcecode.c.h; path = TestViewController.h; sourceTree = "<group>"; };
		792DC5BE20E60DFC00B4B587 /* TestViewController.m */ = {isa = PBXFileReference; lastKnownFileType = sourcecode.c.objc; path = TestViewController.m; sourceTree = "<group>"; };
		79352A9E22BA2C7E00476D17 /* RunloopTest.h */ = {isa = PBXFileReference; lastKnownFileType = sourcecode.c.h; path = RunloopTest.h; sourceTree = "<group>"; };
		79352A9F22BA2C7E00476D17 /* RunloopTest.m */ = {isa = PBXFileReference; lastKnownFileType = sourcecode.c.objc; path = RunloopTest.m; sourceTree = "<group>"; };
		794173EA22DC436A00BF4501 /* NSObjectIMPL.h */ = {isa = PBXFileReference; lastKnownFileType = sourcecode.c.h; path = NSObjectIMPL.h; sourceTree = "<group>"; };
		794173EB22DC436A00BF4501 /* NSObjectIMPL.m */ = {isa = PBXFileReference; lastKnownFileType = sourcecode.c.objc; path = NSObjectIMPL.m; sourceTree = "<group>"; };
		794173ED22DC43FE00BF4501 /* NSObjectIMPLVC.h */ = {isa = PBXFileReference; lastKnownFileType = sourcecode.c.h; path = NSObjectIMPLVC.h; sourceTree = "<group>"; };
		794173EE22DC43FE00BF4501 /* NSObjectIMPLVC.m */ = {isa = PBXFileReference; lastKnownFileType = sourcecode.c.objc; path = NSObjectIMPLVC.m; sourceTree = "<group>"; };
		794A4FB622D491DC000AF4E3 /* ZWBaseNavVC.h */ = {isa = PBXFileReference; lastKnownFileType = sourcecode.c.h; path = ZWBaseNavVC.h; sourceTree = "<group>"; };
		794A4FB722D491DC000AF4E3 /* ZWBaseNavVC.m */ = {isa = PBXFileReference; lastKnownFileType = sourcecode.c.objc; path = ZWBaseNavVC.m; sourceTree = "<group>"; };
		794A4FBD22D4BB0A000AF4E3 /* UIView+Additions.h */ = {isa = PBXFileReference; lastKnownFileType = sourcecode.c.h; path = "UIView+Additions.h"; sourceTree = "<group>"; };
		794A4FBE22D4BB0A000AF4E3 /* UIView+Additions.m */ = {isa = PBXFileReference; lastKnownFileType = sourcecode.c.objc; path = "UIView+Additions.m"; sourceTree = "<group>"; };
		794A4FC022D4BBE9000AF4E3 /* PrefixHeader.pch */ = {isa = PBXFileReference; lastKnownFileType = sourcecode.c.h; path = PrefixHeader.pch; sourceTree = "<group>"; };
		798BBE7322D99C1D00A57A0A /* NSObjectNatureVC.h */ = {isa = PBXFileReference; lastKnownFileType = sourcecode.c.h; path = NSObjectNatureVC.h; sourceTree = "<group>"; };
		798BBE7422D99C1D00A57A0A /* NSObjectNatureVC.m */ = {isa = PBXFileReference; lastKnownFileType = sourcecode.c.objc; path = NSObjectNatureVC.m; sourceTree = "<group>"; };
		798BBE7722D99D1D00A57A0A /* FatherClass.h */ = {isa = PBXFileReference; lastKnownFileType = sourcecode.c.h; path = FatherClass.h; sourceTree = "<group>"; };
		798BBE7822D99D1D00A57A0A /* FatherClass.m */ = {isa = PBXFileReference; lastKnownFileType = sourcecode.c.objc; path = FatherClass.m; sourceTree = "<group>"; };
		798BBE7A22D99D2E00A57A0A /* SonClass.h */ = {isa = PBXFileReference; lastKnownFileType = sourcecode.c.h; path = SonClass.h; sourceTree = "<group>"; };
		798BBE7B22D99D2E00A57A0A /* SonClass.m */ = {isa = PBXFileReference; lastKnownFileType = sourcecode.c.objc; path = SonClass.m; sourceTree = "<group>"; };
		79F74D9D2063AFE8001B146D /* iOSTest.app */ = {isa = PBXFileReference; explicitFileType = wrapper.application; includeInIndex = 0; path = iOSTest.app; sourceTree = BUILT_PRODUCTS_DIR; };
		79F74DA72063AFE8001B146D /* Base */ = {isa = PBXFileReference; lastKnownFileType = file.storyboard; name = Base; path = Base.lproj/Main.storyboard; sourceTree = "<group>"; };
		79F74DA92063AFE8001B146D /* Assets.xcassets */ = {isa = PBXFileReference; lastKnownFileType = folder.assetcatalog; path = Assets.xcassets; sourceTree = "<group>"; };
		79F74DAC2063AFE8001B146D /* Base */ = {isa = PBXFileReference; lastKnownFileType = file.storyboard; name = Base; path = Base.lproj/LaunchScreen.storyboard; sourceTree = "<group>"; };
		79F74DAE2063AFE8001B146D /* Info.plist */ = {isa = PBXFileReference; lastKnownFileType = text.plist.xml; path = Info.plist; sourceTree = "<group>"; };
		79F74DAF2063AFE8001B146D /* main.m */ = {isa = PBXFileReference; lastKnownFileType = sourcecode.c.objc; path = main.m; sourceTree = "<group>"; };
		79F74DB52063AFE8001B146D /* iOSTestTests.xctest */ = {isa = PBXFileReference; explicitFileType = wrapper.cfbundle; includeInIndex = 0; path = iOSTestTests.xctest; sourceTree = BUILT_PRODUCTS_DIR; };
		79F74DB92063AFE8001B146D /* iOSTestTests.m */ = {isa = PBXFileReference; lastKnownFileType = sourcecode.c.objc; path = iOSTestTests.m; sourceTree = "<group>"; };
		79F74DBB2063AFE8001B146D /* Info.plist */ = {isa = PBXFileReference; lastKnownFileType = text.plist.xml; path = Info.plist; sourceTree = "<group>"; };
		79F74DC02063AFE8001B146D /* iOSTestUITests.xctest */ = {isa = PBXFileReference; explicitFileType = wrapper.cfbundle; includeInIndex = 0; path = iOSTestUITests.xctest; sourceTree = BUILT_PRODUCTS_DIR; };
		79F74DC42063AFE8001B146D /* iOSTestUITests.m */ = {isa = PBXFileReference; lastKnownFileType = sourcecode.c.objc; path = iOSTestUITests.m; sourceTree = "<group>"; };
		79F74DC62063AFE8001B146D /* Info.plist */ = {isa = PBXFileReference; lastKnownFileType = text.plist.xml; path = Info.plist; sourceTree = "<group>"; };
		79F74DD32063D030001B146D /* AppDelegate.h */ = {isa = PBXFileReference; fileEncoding = 4; lastKnownFileType = sourcecode.c.h; path = AppDelegate.h; sourceTree = "<group>"; };
		79F74DD42063D030001B146D /* AppDelegate.m */ = {isa = PBXFileReference; fileEncoding = 4; lastKnownFileType = sourcecode.c.objc; path = AppDelegate.m; sourceTree = "<group>"; };
		920364BEDD26C6718B87DD61 /* Pods-iOSTest.release.xcconfig */ = {isa = PBXFileReference; includeInIndex = 1; lastKnownFileType = text.xcconfig; name = "Pods-iOSTest.release.xcconfig"; path = "Pods/Target Support Files/Pods-iOSTest/Pods-iOSTest.release.xcconfig"; sourceTree = "<group>"; };
		CE4E62574271FC7A7075D3A6 /* Pods-iOSTest.debug.xcconfig */ = {isa = PBXFileReference; includeInIndex = 1; lastKnownFileType = text.xcconfig; name = "Pods-iOSTest.debug.xcconfig"; path = "Pods/Target Support Files/Pods-iOSTest/Pods-iOSTest.debug.xcconfig"; sourceTree = "<group>"; };
/* End PBXFileReference section */

/* Begin PBXFrameworksBuildPhase section */
		79F74D9A2063AFE8001B146D /* Frameworks */ = {
			isa = PBXFrameworksBuildPhase;
			buildActionMask = 2147483647;
			files = (
				2F64C737AE7D61E100406F7D /* libPods-iOSTest.a in Frameworks */,
			);
			runOnlyForDeploymentPostprocessing = 0;
		};
		79F74DB22063AFE8001B146D /* Frameworks */ = {
			isa = PBXFrameworksBuildPhase;
			buildActionMask = 2147483647;
			files = (
			);
			runOnlyForDeploymentPostprocessing = 0;
		};
		79F74DBD2063AFE8001B146D /* Frameworks */ = {
			isa = PBXFrameworksBuildPhase;
			buildActionMask = 2147483647;
			files = (
			);
			runOnlyForDeploymentPostprocessing = 0;
		};
/* End PBXFrameworksBuildPhase section */

/* Begin PBXGroup section */
		156BF33EE6135D7B533C46FF /* Frameworks */ = {
			isa = PBXGroup;
			children = (
				4466508261AAA8AE91549261 /* libPods-iOSTest.a */,
			);
			name = Frameworks;
			sourceTree = "<group>";
		};
		792A243F20934D5B00CDAA04 /* Base */ = {
			isa = PBXGroup;
			children = (
				792A244020934D8600CDAA04 /* Tablebar */,
			);
			path = Base;
			sourceTree = "<group>";
		};
		792A244020934D8600CDAA04 /* Tablebar */ = {
			isa = PBXGroup;
			children = (
				792A244120934DAB00CDAA04 /* ZWTabBarVC.h */,
				792A244220934DAB00CDAA04 /* ZWTabBarVC.m */,
			);
			path = Tablebar;
			sourceTree = "<group>";
		};
		792A24442093514600CDAA04 /* First */ = {
			isa = PBXGroup;
			children = (
				792A244B2093517300CDAA04 /* FirstVC.h */,
				792A244C2093517300CDAA04 /* FirstVC.m */,
				797175A8244870B500284C11 /* draw */,
				798BBE7322D99C1D00A57A0A /* NSObjectNatureVC.h */,
				798BBE7422D99C1D00A57A0A /* NSObjectNatureVC.m */,
				794173ED22DC43FE00BF4501 /* NSObjectIMPLVC.h */,
				794173EE22DC43FE00BF4501 /* NSObjectIMPLVC.m */,
			);
			path = First;
			sourceTree = "<group>";
		};
		792A24452093514600CDAA04 /* Second */ = {
			isa = PBXGroup;
			children = (
				792A244E2093519200CDAA04 /* SecondVC.h */,
				792A244F2093519200CDAA04 /* SecondVC.m */,
			);
			path = Second;
			sourceTree = "<group>";
		};
		792A24462093514600CDAA04 /* Fourth */ = {
			isa = PBXGroup;
			children = (
				792A2454209351AD00CDAA04 /* FourthVC.h */,
				792A2455209351AD00CDAA04 /* FourthVC.m */,
			);
			path = Fourth;
			sourceTree = "<group>";
		};
		792A24472093514600CDAA04 /* Third */ = {
			isa = PBXGroup;
			children = (
				792A2451209351A100CDAA04 /* ThirdVC.h */,
				792A2452209351A100CDAA04 /* ThirdVC.m */,
			);
			path = Third;
			sourceTree = "<group>";
		};
		79352A9D22BA2C5E00476D17 /* test */ = {
			isa = PBXGroup;
			children = (
				798BBE7622D99CFE00A57A0A /* NSObjectNature */,
				79352A9E22BA2C7E00476D17 /* RunloopTest.h */,
				79352A9F22BA2C7E00476D17 /* RunloopTest.m */,
			);
			path = test;
			sourceTree = "<group>";
		};
		794A4FB922D4B9FB000AF4E3 /* Additions */ = {
			isa = PBXGroup;
			children = (
				794A4FBD22D4BB0A000AF4E3 /* UIView+Additions.h */,
				794A4FBE22D4BB0A000AF4E3 /* UIView+Additions.m */,
			);
			path = Additions;
			sourceTree = "<group>";
		};
		797175A8244870B500284C11 /* draw */ = {
			isa = PBXGroup;
			children = (
			);
			path = draw;
			sourceTree = "<group>";
		};
		798BBE7622D99CFE00A57A0A /* NSObjectNature */ = {
			isa = PBXGroup;
			children = (
				798BBE7722D99D1D00A57A0A /* FatherClass.h */,
				798BBE7822D99D1D00A57A0A /* FatherClass.m */,
				798BBE7A22D99D2E00A57A0A /* SonClass.h */,
				798BBE7B22D99D2E00A57A0A /* SonClass.m */,
				794173EA22DC436A00BF4501 /* NSObjectIMPL.h */,
				794173EB22DC436A00BF4501 /* NSObjectIMPL.m */,
			);
			path = NSObjectNature;
			sourceTree = "<group>";
		};
		79F74D942063AFE8001B146D = {
			isa = PBXGroup;
			children = (
				79F74D9F2063AFE8001B146D /* iOSTest */,
				79F74DB82063AFE8001B146D /* iOSTestTests */,
				79F74DC32063AFE8001B146D /* iOSTestUITests */,
				79F74D9E2063AFE8001B146D /* Products */,
				F29DD42F9C2DE9B0AC93877C /* Pods */,
				156BF33EE6135D7B533C46FF /* Frameworks */,
			);
			sourceTree = "<group>";
		};
		79F74D9E2063AFE8001B146D /* Products */ = {
			isa = PBXGroup;
			children = (
				79F74D9D2063AFE8001B146D /* iOSTest.app */,
				79F74DB52063AFE8001B146D /* iOSTestTests.xctest */,
				79F74DC02063AFE8001B146D /* iOSTestUITests.xctest */,
			);
			name = Products;
			sourceTree = "<group>";
		};
		79F74D9F2063AFE8001B146D /* iOSTest */ = {
			isa = PBXGroup;
			children = (
				79F74DD62063D067001B146D /* ViewControllers */,
				79F74DD22063D030001B146D /* AppDelegate */,
				79F74DA62063AFE8001B146D /* Main.storyboard */,
				79F74DA92063AFE8001B146D /* Assets.xcassets */,
				79F74DAB2063AFE8001B146D /* LaunchScreen.storyboard */,
				79F74DAE2063AFE8001B146D /* Info.plist */,
				79F74DAF2063AFE8001B146D /* main.m */,
				794A4FC022D4BBE9000AF4E3 /* PrefixHeader.pch */,
			);
			path = iOSTest;
			sourceTree = "<group>";
		};
		79F74DB82063AFE8001B146D /* iOSTestTests */ = {
			isa = PBXGroup;
			children = (
				79F74DB92063AFE8001B146D /* iOSTestTests.m */,
				79F74DBB2063AFE8001B146D /* Info.plist */,
			);
			path = iOSTestTests;
			sourceTree = "<group>";
		};
		79F74DC32063AFE8001B146D /* iOSTestUITests */ = {
			isa = PBXGroup;
			children = (
				79F74DC42063AFE8001B146D /* iOSTestUITests.m */,
				79F74DC62063AFE8001B146D /* Info.plist */,
			);
			path = iOSTestUITests;
			sourceTree = "<group>";
		};
		79F74DD22063D030001B146D /* AppDelegate */ = {
			isa = PBXGroup;
			children = (
				79F74DD32063D030001B146D /* AppDelegate.h */,
				79F74DD42063D030001B146D /* AppDelegate.m */,
				792DC5BD20E60DFC00B4B587 /* TestViewController.h */,
				792DC5BE20E60DFC00B4B587 /* TestViewController.m */,
			);
			path = AppDelegate;
			sourceTree = "<group>";
		};
		79F74DD62063D067001B146D /* ViewControllers */ = {
			isa = PBXGroup;
			children = (
				794A4FB922D4B9FB000AF4E3 /* Additions */,
				79352A9D22BA2C5E00476D17 /* test */,
				792A243F20934D5B00CDAA04 /* Base */,
				792A24442093514600CDAA04 /* First */,
				792A24452093514600CDAA04 /* Second */,
				792A24472093514600CDAA04 /* Third */,
				792A24462093514600CDAA04 /* Fourth */,
				792A24482093516300CDAA04 /* ZWBaseVC.h */,
				792A24492093516300CDAA04 /* ZWBaseVC.m */,
				794A4FB622D491DC000AF4E3 /* ZWBaseNavVC.h */,
				794A4FB722D491DC000AF4E3 /* ZWBaseNavVC.m */,
			);
			path = ViewControllers;
			sourceTree = "<group>";
		};
		F29DD42F9C2DE9B0AC93877C /* Pods */ = {
			isa = PBXGroup;
			children = (
				CE4E62574271FC7A7075D3A6 /* Pods-iOSTest.debug.xcconfig */,
				920364BEDD26C6718B87DD61 /* Pods-iOSTest.release.xcconfig */,
			);
			name = Pods;
			sourceTree = "<group>";
		};
/* End PBXGroup section */

/* Begin PBXNativeTarget section */
		79F74D9C2063AFE8001B146D /* iOSTest */ = {
			isa = PBXNativeTarget;
			buildConfigurationList = 79F74DC92063AFE8001B146D /* Build configuration list for PBXNativeTarget "iOSTest" */;
			buildPhases = (
				39E09E2F93B049346CF4EDA9 /* [CP] Check Pods Manifest.lock */,
				79F74D992063AFE8001B146D /* Sources */,
				79F74D9A2063AFE8001B146D /* Frameworks */,
				79F74D9B2063AFE8001B146D /* Resources */,
			);
			buildRules = (
			);
			dependencies = (
			);
			name = iOSTest;
			productName = iOSTest;
			productReference = 79F74D9D2063AFE8001B146D /* iOSTest.app */;
			productType = "com.apple.product-type.application";
		};
		79F74DB42063AFE8001B146D /* iOSTestTests */ = {
			isa = PBXNativeTarget;
			buildConfigurationList = 79F74DCC2063AFE8001B146D /* Build configuration list for PBXNativeTarget "iOSTestTests" */;
			buildPhases = (
				79F74DB12063AFE8001B146D /* Sources */,
				79F74DB22063AFE8001B146D /* Frameworks */,
				79F74DB32063AFE8001B146D /* Resources */,
			);
			buildRules = (
			);
			dependencies = (
				79F74DB72063AFE8001B146D /* PBXTargetDependency */,
			);
			name = iOSTestTests;
			productName = iOSTestTests;
			productReference = 79F74DB52063AFE8001B146D /* iOSTestTests.xctest */;
			productType = "com.apple.product-type.bundle.unit-test";
		};
		79F74DBF2063AFE8001B146D /* iOSTestUITests */ = {
			isa = PBXNativeTarget;
			buildConfigurationList = 79F74DCF2063AFE8001B146D /* Build configuration list for PBXNativeTarget "iOSTestUITests" */;
			buildPhases = (
				79F74DBC2063AFE8001B146D /* Sources */,
				79F74DBD2063AFE8001B146D /* Frameworks */,
				79F74DBE2063AFE8001B146D /* Resources */,
			);
			buildRules = (
			);
			dependencies = (
				79F74DC22063AFE8001B146D /* PBXTargetDependency */,
			);
			name = iOSTestUITests;
			productName = iOSTestUITests;
			productReference = 79F74DC02063AFE8001B146D /* iOSTestUITests.xctest */;
			productType = "com.apple.product-type.bundle.ui-testing";
		};
/* End PBXNativeTarget section */

/* Begin PBXProject section */
		79F74D952063AFE8001B146D /* Project object */ = {
			isa = PBXProject;
			attributes = {
				LastUpgradeCheck = 0920;
				ORGANIZATIONNAME = czw;
				TargetAttributes = {
					79F74D9C2063AFE8001B146D = {
						CreatedOnToolsVersion = 9.2;
						ProvisioningStyle = Manual;
					};
					79F74DB42063AFE8001B146D = {
						CreatedOnToolsVersion = 9.2;
						ProvisioningStyle = Automatic;
						TestTargetID = 79F74D9C2063AFE8001B146D;
					};
					79F74DBF2063AFE8001B146D = {
						CreatedOnToolsVersion = 9.2;
						ProvisioningStyle = Automatic;
						TestTargetID = 79F74D9C2063AFE8001B146D;
					};
				};
			};
			buildConfigurationList = 79F74D982063AFE8001B146D /* Build configuration list for PBXProject "iOSTest" */;
			compatibilityVersion = "Xcode 8.0";
			developmentRegion = en;
			hasScannedForEncodings = 0;
			knownRegions = (
				en,
				Base,
			);
			mainGroup = 79F74D942063AFE8001B146D;
			productRefGroup = 79F74D9E2063AFE8001B146D /* Products */;
			projectDirPath = "";
			projectRoot = "";
			targets = (
				79F74D9C2063AFE8001B146D /* iOSTest */,
				79F74DB42063AFE8001B146D /* iOSTestTests */,
				79F74DBF2063AFE8001B146D /* iOSTestUITests */,
			);
		};
/* End PBXProject section */

/* Begin PBXResourcesBuildPhase section */
		79F74D9B2063AFE8001B146D /* Resources */ = {
			isa = PBXResourcesBuildPhase;
			buildActionMask = 2147483647;
			files = (
				79F74DAD2063AFE8001B146D /* LaunchScreen.storyboard in Resources */,
				79F74DAA2063AFE8001B146D /* Assets.xcassets in Resources */,
				79F74DA82063AFE8001B146D /* Main.storyboard in Resources */,
			);
			runOnlyForDeploymentPostprocessing = 0;
		};
		79F74DB32063AFE8001B146D /* Resources */ = {
			isa = PBXResourcesBuildPhase;
			buildActionMask = 2147483647;
			files = (
			);
			runOnlyForDeploymentPostprocessing = 0;
		};
		79F74DBE2063AFE8001B146D /* Resources */ = {
			isa = PBXResourcesBuildPhase;
			buildActionMask = 2147483647;
			files = (
			);
			runOnlyForDeploymentPostprocessing = 0;
		};
/* End PBXResourcesBuildPhase section */

/* Begin PBXShellScriptBuildPhase section */
		39E09E2F93B049346CF4EDA9 /* [CP] Check Pods Manifest.lock */ = {
			isa = PBXShellScriptBuildPhase;
			buildActionMask = 2147483647;
			files = (
			);
			inputPaths = (
				"${PODS_PODFILE_DIR_PATH}/Podfile.lock",
				"${PODS_ROOT}/Manifest.lock",
			);
			name = "[CP] Check Pods Manifest.lock";
			outputPaths = (
				"$(DERIVED_FILE_DIR)/Pods-iOSTest-checkManifestLockResult.txt",
			);
			runOnlyForDeploymentPostprocessing = 0;
			shellPath = /bin/sh;
			shellScript = "diff \"${PODS_PODFILE_DIR_PATH}/Podfile.lock\" \"${PODS_ROOT}/Manifest.lock\" > /dev/null\nif [ $? != 0 ] ; then\n    # print error to STDERR\n    echo \"error: The sandbox is not in sync with the Podfile.lock. Run 'pod install' or update your CocoaPods installation.\" >&2\n    exit 1\nfi\n# This output is used by Xcode 'outputs' to avoid re-running this script phase.\necho \"SUCCESS\" > \"${SCRIPT_OUTPUT_FILE_0}\"\n";
			showEnvVarsInLog = 0;
		};
/* End PBXShellScriptBuildPhase section */

/* Begin PBXSourcesBuildPhase section */
		79F74D992063AFE8001B146D /* Sources */ = {
			isa = PBXSourcesBuildPhase;
			buildActionMask = 2147483647;
			files = (
				792A2453209351A100CDAA04 /* ThirdVC.m in Sources */,
				792A244D2093517300CDAA04 /* FirstVC.m in Sources */,
				792A244320934DAB00CDAA04 /* ZWTabBarVC.m in Sources */,
				794173EC22DC436A00BF4501 /* NSObjectIMPL.m in Sources */,
				794173EF22DC43FE00BF4501 /* NSObjectIMPLVC.m in Sources */,
				792A244A2093516300CDAA04 /* ZWBaseVC.m in Sources */,
				792A24502093519200CDAA04 /* SecondVC.m in Sources */,
				794A4FB822D491DC000AF4E3 /* ZWBaseNavVC.m in Sources */,
				798BBE7522D99C1D00A57A0A /* NSObjectNatureVC.m in Sources */,
				79352AA022BA2C7E00476D17 /* RunloopTest.m in Sources */,
				792DC5BF20E60DFC00B4B587 /* TestViewController.m in Sources */,
				792A2456209351AD00CDAA04 /* FourthVC.m in Sources */,
				798BBE7C22D99D2E00A57A0A /* SonClass.m in Sources */,
				798BBE7922D99D1D00A57A0A /* FatherClass.m in Sources */,
				79F74DB02063AFE8001B146D /* main.m in Sources */,
				79F74DD52063D030001B146D /* AppDelegate.m in Sources */,
				794A4FBF22D4BB0A000AF4E3 /* UIView+Additions.m in Sources */,
			);
			runOnlyForDeploymentPostprocessing = 0;
		};
		79F74DB12063AFE8001B146D /* Sources */ = {
			isa = PBXSourcesBuildPhase;
			buildActionMask = 2147483647;
			files = (
				79F74DBA2063AFE8001B146D /* iOSTestTests.m in Sources */,
			);
			runOnlyForDeploymentPostprocessing = 0;
		};
		79F74DBC2063AFE8001B146D /* Sources */ = {
			isa = PBXSourcesBuildPhase;
			buildActionMask = 2147483647;
			files = (
				79F74DC52063AFE8001B146D /* iOSTestUITests.m in Sources */,
			);
			runOnlyForDeploymentPostprocessing = 0;
		};
/* End PBXSourcesBuildPhase section */

/* Begin PBXTargetDependency section */
		79F74DB72063AFE8001B146D /* PBXTargetDependency */ = {
			isa = PBXTargetDependency;
			target = 79F74D9C2063AFE8001B146D /* iOSTest */;
			targetProxy = 79F74DB62063AFE8001B146D /* PBXContainerItemProxy */;
		};
		79F74DC22063AFE8001B146D /* PBXTargetDependency */ = {
			isa = PBXTargetDependency;
			target = 79F74D9C2063AFE8001B146D /* iOSTest */;
			targetProxy = 79F74DC12063AFE8001B146D /* PBXContainerItemProxy */;
		};
/* End PBXTargetDependency section */

/* Begin PBXVariantGroup section */
		79F74DA62063AFE8001B146D /* Main.storyboard */ = {
			isa = PBXVariantGroup;
			children = (
				79F74DA72063AFE8001B146D /* Base */,
			);
			name = Main.storyboard;
			sourceTree = "<group>";
		};
		79F74DAB2063AFE8001B146D /* LaunchScreen.storyboard */ = {
			isa = PBXVariantGroup;
			children = (
				79F74DAC2063AFE8001B146D /* Base */,
			);
			name = LaunchScreen.storyboard;
			sourceTree = "<group>";
		};
/* End PBXVariantGroup section */

/* Begin XCBuildConfiguration section */
		79F74DC72063AFE8001B146D /* Debug */ = {
			isa = XCBuildConfiguration;
			buildSettings = {
				ALWAYS_SEARCH_USER_PATHS = NO;
				CLANG_ANALYZER_NONNULL = YES;
				CLANG_ANALYZER_NUMBER_OBJECT_CONVERSION = YES_AGGRESSIVE;
				CLANG_CXX_LANGUAGE_STANDARD = "gnu++14";
				CLANG_CXX_LIBRARY = "libc++";
				CLANG_ENABLE_MODULES = YES;
				CLANG_ENABLE_OBJC_ARC = YES;
				CLANG_WARN_BLOCK_CAPTURE_AUTORELEASING = YES;
				CLANG_WARN_BOOL_CONVERSION = YES;
				CLANG_WARN_COMMA = YES;
				CLANG_WARN_CONSTANT_CONVERSION = YES;
				CLANG_WARN_DIRECT_OBJC_ISA_USAGE = YES_ERROR;
				CLANG_WARN_DOCUMENTATION_COMMENTS = YES;
				CLANG_WARN_EMPTY_BODY = YES;
				CLANG_WARN_ENUM_CONVERSION = YES;
				CLANG_WARN_INFINITE_RECURSION = YES;
				CLANG_WARN_INT_CONVERSION = YES;
				CLANG_WARN_NON_LITERAL_NULL_CONVERSION = YES;
				CLANG_WARN_OBJC_LITERAL_CONVERSION = YES;
				CLANG_WARN_OBJC_ROOT_CLASS = YES_ERROR;
				CLANG_WARN_RANGE_LOOP_ANALYSIS = YES;
				CLANG_WARN_STRICT_PROTOTYPES = YES;
				CLANG_WARN_SUSPICIOUS_MOVE = YES;
				CLANG_WARN_UNGUARDED_AVAILABILITY = YES_AGGRESSIVE;
				CLANG_WARN_UNREACHABLE_CODE = YES;
				CLANG_WARN__DUPLICATE_METHOD_MATCH = YES;
				CODE_SIGN_IDENTITY = "iPhone Developer";
				COPY_PHASE_STRIP = NO;
				DEBUG_INFORMATION_FORMAT = dwarf;
				ENABLE_STRICT_OBJC_MSGSEND = YES;
				ENABLE_TESTABILITY = YES;
				GCC_C_LANGUAGE_STANDARD = gnu11;
				GCC_DYNAMIC_NO_PIC = NO;
				GCC_NO_COMMON_BLOCKS = YES;
				GCC_OPTIMIZATION_LEVEL = 0;
				GCC_PREPROCESSOR_DEFINITIONS = (
					"DEBUG=1",
					"$(inherited)",
				);
				GCC_WARN_64_TO_32_BIT_CONVERSION = YES;
				GCC_WARN_ABOUT_RETURN_TYPE = YES_ERROR;
				GCC_WARN_UNDECLARED_SELECTOR = YES;
				GCC_WARN_UNINITIALIZED_AUTOS = YES_AGGRESSIVE;
				GCC_WARN_UNUSED_FUNCTION = YES;
				GCC_WARN_UNUSED_VARIABLE = YES;
				IPHONEOS_DEPLOYMENT_TARGET = 11.2;
				MTL_ENABLE_DEBUG_INFO = YES;
				ONLY_ACTIVE_ARCH = YES;
				SDKROOT = iphoneos;
			};
			name = Debug;
		};
		79F74DC82063AFE8001B146D /* Release */ = {
			isa = XCBuildConfiguration;
			buildSettings = {
				ALWAYS_SEARCH_USER_PATHS = NO;
				CLANG_ANALYZER_NONNULL = YES;
				CLANG_ANALYZER_NUMBER_OBJECT_CONVERSION = YES_AGGRESSIVE;
				CLANG_CXX_LANGUAGE_STANDARD = "gnu++14";
				CLANG_CXX_LIBRARY = "libc++";
				CLANG_ENABLE_MODULES = YES;
				CLANG_ENABLE_OBJC_ARC = YES;
				CLANG_WARN_BLOCK_CAPTURE_AUTORELEASING = YES;
				CLANG_WARN_BOOL_CONVERSION = YES;
				CLANG_WARN_COMMA = YES;
				CLANG_WARN_CONSTANT_CONVERSION = YES;
				CLANG_WARN_DIRECT_OBJC_ISA_USAGE = YES_ERROR;
				CLANG_WARN_DOCUMENTATION_COMMENTS = YES;
				CLANG_WARN_EMPTY_BODY = YES;
				CLANG_WARN_ENUM_CONVERSION = YES;
				CLANG_WARN_INFINITE_RECURSION = YES;
				CLANG_WARN_INT_CONVERSION = YES;
				CLANG_WARN_NON_LITERAL_NULL_CONVERSION = YES;
				CLANG_WARN_OBJC_LITERAL_CONVERSION = YES;
				CLANG_WARN_OBJC_ROOT_CLASS = YES_ERROR;
				CLANG_WARN_RANGE_LOOP_ANALYSIS = YES;
				CLANG_WARN_STRICT_PROTOTYPES = YES;
				CLANG_WARN_SUSPICIOUS_MOVE = YES;
				CLANG_WARN_UNGUARDED_AVAILABILITY = YES_AGGRESSIVE;
				CLANG_WARN_UNREACHABLE_CODE = YES;
				CLANG_WARN__DUPLICATE_METHOD_MATCH = YES;
				CODE_SIGN_IDENTITY = "iPhone Developer";
				COPY_PHASE_STRIP = NO;
				DEBUG_INFORMATION_FORMAT = "dwarf-with-dsym";
				ENABLE_NS_ASSERTIONS = NO;
				ENABLE_STRICT_OBJC_MSGSEND = YES;
				GCC_C_LANGUAGE_STANDARD = gnu11;
				GCC_NO_COMMON_BLOCKS = YES;
				GCC_WARN_64_TO_32_BIT_CONVERSION = YES;
				GCC_WARN_ABOUT_RETURN_TYPE = YES_ERROR;
				GCC_WARN_UNDECLARED_SELECTOR = YES;
				GCC_WARN_UNINITIALIZED_AUTOS = YES_AGGRESSIVE;
				GCC_WARN_UNUSED_FUNCTION = YES;
				GCC_WARN_UNUSED_VARIABLE = YES;
				IPHONEOS_DEPLOYMENT_TARGET = 11.2;
				MTL_ENABLE_DEBUG_INFO = NO;
				SDKROOT = iphoneos;
				VALIDATE_PRODUCT = YES;
			};
			name = Release;
		};
		79F74DCA2063AFE8001B146D /* Debug */ = {
			isa = XCBuildConfiguration;
			baseConfigurationReference = CE4E62574271FC7A7075D3A6 /* Pods-iOSTest.debug.xcconfig */;
			buildSettings = {
				ASSETCATALOG_COMPILER_APPICON_NAME = AppIcon;
				CODE_SIGN_STYLE = Manual;
				DEVELOPMENT_TEAM = "";
				GCC_PREFIX_HEADER = "$(SRCROOT)/iOSTest/PrefixHeader.pch";
				INFOPLIST_FILE = iOSTest/Info.plist;
				IPHONEOS_DEPLOYMENT_TARGET = 9.0;
				LD_RUNPATH_SEARCH_PATHS = "$(inherited) @executable_path/Frameworks";
				PRODUCT_BUNDLE_IDENTIFIER = czw.iOSTest;
				PRODUCT_NAME = "$(TARGET_NAME)";
				PROVISIONING_PROFILE_SPECIFIER = "";
				TARGETED_DEVICE_FAMILY = "1,2";
			};
			name = Debug;
		};
		79F74DCB2063AFE8001B146D /* Release */ = {
			isa = XCBuildConfiguration;
			baseConfigurationReference = 920364BEDD26C6718B87DD61 /* Pods-iOSTest.release.xcconfig */;
			buildSettings = {
				ASSETCATALOG_COMPILER_APPICON_NAME = AppIcon;
				CODE_SIGN_STYLE = Manual;
				DEVELOPMENT_TEAM = "";
				GCC_PREFIX_HEADER = "$(SRCROOT)/iOSTest/PrefixHeader.pch";
				INFOPLIST_FILE = iOSTest/Info.plist;
				IPHONEOS_DEPLOYMENT_TARGET = 9.0;
				LD_RUNPATH_SEARCH_PATHS = "$(inherited) @executable_path/Frameworks";
				PRODUCT_BUNDLE_IDENTIFIER = czw.iOSTest;
				PRODUCT_NAME = "$(TARGET_NAME)";
				PROVISIONING_PROFILE_SPECIFIER = "";
				TARGETED_DEVICE_FAMILY = "1,2";
			};
			name = Release;
		};
		79F74DCD2063AFE8001B146D /* Debug */ = {
			isa = XCBuildConfiguration;
			buildSettings = {
				BUNDLE_LOADER = "$(TEST_HOST)";
				CODE_SIGN_STYLE = Automatic;
				INFOPLIST_FILE = iOSTestTests/Info.plist;
				LD_RUNPATH_SEARCH_PATHS = "$(inherited) @executable_path/Frameworks @loader_path/Frameworks";
				PRODUCT_BUNDLE_IDENTIFIER = czw.iOSTestTests;
				PRODUCT_NAME = "$(TARGET_NAME)";
				TARGETED_DEVICE_FAMILY = "1,2";
				TEST_HOST = "$(BUILT_PRODUCTS_DIR)/iOSTest.app/iOSTest";
			};
			name = Debug;
		};
		79F74DCE2063AFE8001B146D /* Release */ = {
			isa = XCBuildConfiguration;
			buildSettings = {
				BUNDLE_LOADER = "$(TEST_HOST)";
				CODE_SIGN_STYLE = Automatic;
				INFOPLIST_FILE = iOSTestTests/Info.plist;
				LD_RUNPATH_SEARCH_PATHS = "$(inherited) @executable_path/Frameworks @loader_path/Frameworks";
				PRODUCT_BUNDLE_IDENTIFIER = czw.iOSTestTests;
				PRODUCT_NAME = "$(TARGET_NAME)";
				TARGETED_DEVICE_FAMILY = "1,2";
				TEST_HOST = "$(BUILT_PRODUCTS_DIR)/iOSTest.app/iOSTest";
			};
			name = Release;
		};
		79F74DD02063AFE8001B146D /* Debug */ = {
			isa = XCBuildConfiguration;
			buildSettings = {
				CODE_SIGN_STYLE = Automatic;
				INFOPLIST_FILE = iOSTestUITests/Info.plist;
				LD_RUNPATH_SEARCH_PATHS = "$(inherited) @executable_path/Frameworks @loader_path/Frameworks";
				PRODUCT_BUNDLE_IDENTIFIER = czw.iOSTestUITests;
				PRODUCT_NAME = "$(TARGET_NAME)";
				TARGETED_DEVICE_FAMILY = "1,2";
				TEST_TARGET_NAME = iOSTest;
			};
			name = Debug;
		};
		79F74DD12063AFE8001B146D /* Release */ = {
			isa = XCBuildConfiguration;
			buildSettings = {
				CODE_SIGN_STYLE = Automatic;
				INFOPLIST_FILE = iOSTestUITests/Info.plist;
				LD_RUNPATH_SEARCH_PATHS = "$(inherited) @executable_path/Frameworks @loader_path/Frameworks";
				PRODUCT_BUNDLE_IDENTIFIER = czw.iOSTestUITests;
				PRODUCT_NAME = "$(TARGET_NAME)";
				TARGETED_DEVICE_FAMILY = "1,2";
				TEST_TARGET_NAME = iOSTest;
			};
			name = Release;
		};
/* End XCBuildConfiguration section */

/* Begin XCConfigurationList section */
		79F74D982063AFE8001B146D /* Build configuration list for PBXProject "iOSTest" */ = {
			isa = XCConfigurationList;
			buildConfigurations = (
				79F74DC72063AFE8001B146D /* Debug */,
				79F74DC82063AFE8001B146D /* Release */,
			);
			defaultConfigurationIsVisible = 0;
			defaultConfigurationName = Release;
		};
		79F74DC92063AFE8001B146D /* Build configuration list for PBXNativeTarget "iOSTest" */ = {
			isa = XCConfigurationList;
			buildConfigurations = (
				79F74DCA2063AFE8001B146D /* Debug */,
				79F74DCB2063AFE8001B146D /* Release */,
			);
			defaultConfigurationIsVisible = 0;
			defaultConfigurationName = Release;
		};
		79F74DCC2063AFE8001B146D /* Build configuration list for PBXNativeTarget "iOSTestTests" */ = {
			isa = XCConfigurationList;
			buildConfigurations = (
				79F74DCD2063AFE8001B146D /* Debug */,
				79F74DCE2063AFE8001B146D /* Release */,
			);
			defaultConfigurationIsVisible = 0;
			defaultConfigurationName = Release;
		};
		79F74DCF2063AFE8001B146D /* Build configuration list for PBXNativeTarget "iOSTestUITests" */ = {
			isa = XCConfigurationList;
			buildConfigurations = (
				79F74DD02063AFE8001B146D /* Debug */,
				79F74DD12063AFE8001B146D /* Release */,
			);
			defaultConfigurationIsVisible = 0;
			defaultConfigurationName = Release;
		};
/* End XCConfigurationList section */
	};
	rootObject = 79F74D952063AFE8001B146D /* Project object */;
}
